// !$*UTF8*$!
{
	archiveVersion = 1;
	classes = {
	};
	objectVersion = 46;
	objects = {

/* Begin PBXBuildFile section */
		566CF33B1C4BCA8A00C6FB90 /* main.c in Sources */ = {isa = PBXBuildFile; fileRef = 566CF33A1C4BCA8A00C6FB90 /* main.c */; };
/* End PBXBuildFile section */

/* Begin PBXCopyFilesBuildPhase section */
		566CF3351C4BCA8A00C6FB90 /* CopyFiles */ = {
			isa = PBXCopyFilesBuildPhase;
			buildActionMask = 2147483647;
			dstPath = /usr/share/man/man1/;
			dstSubfolderSpec = 0;
			files = (
			);
			runOnlyForDeploymentPostprocessing = 1;
		};
/* End PBXCopyFilesBuildPhase section */

/* Begin PBXFileReference section */
		566CF3371C4BCA8A00C6FB90 /* BubbleSort_studentsAndScore */ = {isa = PBXFileReference; explicitFileType = "compiled.mach-o.executable"; includeInIndex = 0; path = BubbleSort_studentsAndScore; sourceTree = BUILT_PRODUCTS_DIR; };
		566CF33A1C4BCA8A00C6FB90 /* main.c */ = {isa = PBXFileReference; lastKnownFileType = sourcecode.c.c; path = main.c; sourceTree = "<group>"; };
/* End PBXFileReference section */

/* Begin PBXFrameworksBuildPhase section */
		566CF3341C4BCA8A00C6FB90 /* Frameworks */ = {
			isa = PBXFrameworksBuildPhase;
			buildActionMask = 2147483647;
			files = (
			);
			runOnlyForDeploymentPostprocessing = 0;
		};
/* End PBXFrameworksBuildPhase section */

/* Begin PBXGroup section */
		566CF32E1C4BCA8A00C6FB90 = {
			isa = PBXGroup;
			children = (
				566CF3391C4BCA8A00C6FB90 /* BubbleSort_studentsAndScore */,
				566CF3381C4BCA8A00C6FB90 /* Products */,
			);
			sourceTree = "<group>";
		};
		566CF3381C4BCA8A00C6FB90 /* Products */ = {
			isa = PBXGroup;
			children = (
				566CF3371C4BCA8A00C6FB90 /* BubbleSort_studentsAndScore */,
			);
			name = Products;
			sourceTree = "<group>";
		};
		566CF3391C4BCA8A00C6FB90 /* BubbleSort_studentsAndScore */ = {
			isa = PBXGroup;
			children = (
				566CF33A1C4BCA8A00C6FB90 /* main.c */,
			);
			path = BubbleSort_studentsAndScore;
			sourceTree = "<group>";
		};
/* End PBXGroup section */

/* Begin PBXNativeTarget section */
		566CF3361C4BCA8A00C6FB90 /* BubbleSort_studentsAndScore */ = {
			isa = PBXNativeTarget;
			buildConfigurationList = 566CF33E1C4BCA8A00C6FB90 /* Build configuration list for PBXNativeTarget "BubbleSort_studentsAndScore" */;
			buildPhases = (
				566CF3331C4BCA8A00C6FB90 /* Sources */,
				566CF3341C4BCA8A00C6FB90 /* Frameworks */,
				566CF3351C4BCA8A00C6FB90 /* CopyFiles */,
			);
			buildRules = (
			);
			dependencies = (
			);
			name = BubbleSort_studentsAndScore;
			productName = BubbleSort_studentsAndScore;
			productReference = 566CF3371C4BCA8A00C6FB90 /* BubbleSort_studentsAndScore */;
			productType = "com.apple.product-type.tool";
		};
/* End PBXNativeTarget section */

/* Begin PBXProject section */
		566CF32F1C4BCA8A00C6FB90 /* Project object */ = {
			isa = PBXProject;
			attributes = {
				LastUpgradeCheck = 0720;
				ORGANIZATIONNAME = CHW;
				TargetAttributes = {
					566CF3361C4BCA8A00C6FB90 = {
						CreatedOnToolsVersion = 7.2;
					};
				};
			};
			buildConfigurationList = 566CF3321C4BCA8A00C6FB90 /* Build configuration list for PBXProject "BubbleSort_studentsAndScore" */;
			compatibilityVersion = "Xcode 3.2";
			developmentRegion = English;
			hasScannedForEncodings = 0;
			knownRegions = (
				en,
			);
			mainGroup = 566CF32E1C4BCA8A00C6FB90;
			productRefGroup = 566CF3381C4BCA8A00C6FB90 /* Products */;
			projectDirPath = "";
			projectRoot = "";
			targets = (
				566CF3361C4BCA8A00C6FB90 /* BubbleSort_studentsAndScore */,
			);
		};
/* End PBXProject section */

/* Begin PBXSourcesBuildPhase section */
		566CF3331C4BCA8A00C6FB90 /* Sources */ = {
			isa = PBXSourcesBuildPhase;
			buildActionMask = 2147483647;
			files = (
				566CF33B1C4BCA8A00C6FB90 /* main.c in Sources */,
			);
			runOnlyForDeploymentPostprocessing = 0;
		};
/* End PBXSourcesBuildPhase section */

/* Begin XCBuildConfiguration section */
		566CF33C1C4BCA8A00C6FB90 /* Debug */ = {
			isa = XCBuildConfiguration;
			buildSettings = {
				ALWAYS_SEARCH_USER_PATHS = NO;
				CLANG_CXX_LANGUAGE_STANDARD = "gnu++0x";
				CLANG_CXX_LIBRARY = "libc++";
				CLANG_ENABLE_MODULES = YES;
				CLANG_ENABLE_OBJC_ARC = YES;
				CLANG_WARN_BOOL_CONVERSION = YES;
				CLANG_WARN_CONSTANT_CONVERSION = YES;
				CLANG_WARN_DIRECT_OBJC_ISA_USAGE = YES_ERROR;
				CLANG_WARN_EMPTY_BODY = YES;
				CLANG_WARN_ENUM_CONVERSION = YES;
				CLANG_WARN_INT_CONVERSION = YES;
				CLANG_WARN_OBJC_ROOT_CLASS = YES_ERROR;
				CLANG_WARN_UNREACHABLE_CODE = YES;
				CLANG_WARN__DUPLICATE_METHOD_MATCH = YES;
				CODE_SIGN_IDENTITY = "-";
				COPY_PHASE_STRIP = NO;
				DEBUG_INFORMATION_FORMAT = dwarf;
				ENABLE_STRICT_OBJC_MSGSEND = YES;
				ENABLE_TESTABILITY = YES;
				GCC_C_LANGUAGE_STANDARD = gnu99;
				GCC_DYNAMIC_NO_PIC = NO;
				GCC_NO_COMMON_BLOCKS = YES;
				GCC_OPTIMIZATION_LEVEL = 0;
				GCC_PREPROCESSOR_DEFINITIONS = (
					"DEBUG=1",
					"$(inherited)",
				);
				GCC_WARN_64_TO_32_BIT_CONVERSION = YES;
				GCC_WARN_ABOUT_RETURN_TYPE = YES_ERROR;
				GCC_WARN_UNDECLARED_SELECTOR = YES;
				GCC_WARN_UNINITIALIZED_AUTOS = YES_AGGRESSIVE;
				GCC_WARN_UNUSED_FUNCTION = YES;
				GCC_WARN_UNUSED_VARIABLE = YES;
				MACOSX_DEPLOYMENT_TARGET = 10.10;
				MTL_ENABLE_DEBUG_INFO = YES;
				ONLY_ACTIVE_ARCH = YES;
				SDKROOT = macosx;
			};
			name = Debug;
		};
		566CF33D1C4BCA8A00C6FB90 /* Release */ = {
			isa = XCBuildConfiguration;
			buildSettings = {
				ALWAYS_SEARCH_USER_PATHS = NO;
				CLANG_CXX_LANGUAGE_STANDARD = "gnu++0x";
				CLANG_CXX_LIBRARY = "libc++";
				CLANG_ENABLE_MODULES = YES;
				CLANG_ENABLE_OBJC_ARC = YES;
				CLANG_WARN_BOOL_CONVERSION = YES;
				CLANG_WARN_CONSTANT_CONVERSION = YES;
				CLANG_WARN_DIRECT_OBJC_ISA_USAGE = YES_ERROR;
				CLANG_WARN_EMPTY_BODY = YES;
				CLANG_WARN_ENUM_CONVERSION = YES;
				CLANG_WARN_INT_CONVERSION = YES;
				CLANG_WARN_OBJC_ROOT_CLASS = YES_ERROR;
				CLANG_WARN_UNREACHABLE_CODE = YES;
				CLANG_WARN__DUPLICATE_METHOD_MATCH = YES;
				CODE_SIGN_IDENTITY = "-";
				COPY_PHASE_STRIP = NO;
				DEBUG_INFORMATION_FORMAT = "dwarf-with-dsym";
				ENABLE_NS_ASSERTIONS = NO;
				ENABLE_STRICT_OBJC_MSGSEND = YES;
				GCC_C_LANGUAGE_STANDARD = gnu99;
				GCC_NO_COMMON_BLOCKS = YES;
				GCC_WARN_64_TO_32_BIT_CONVERSION = YES;
				GCC_WARN_ABOUT_RETURN_TYPE = YES_ERROR;
				GCC_WARN_UNDECLARED_SELECTOR = YES;
				GCC_WARN_UNINITIALIZED_AUTOS = YES_AGGRESSIVE;
				GCC_WARN_UNUSED_FUNCTION = YES;
				GCC_WARN_UNUSED_VARIABLE = YES;
				MACOSX_DEPLOYMENT_TARGET = 10.10;
				MTL_ENABLE_DEBUG_INFO = NO;
				SDKROOT = macosx;
			};
			name = Release;
		};
		566CF33F1C4BCA8A00C6FB90 /* Debug */ = {
			isa = XCBuildConfiguration;
			buildSettings = {
				PRODUCT_NAME = "$(TARGET_NAME)";
			};
			name = Debug;
		};
		566CF3401C4BCA8A00C6FB90 /* Release */ = {
			isa = XCBuildConfiguration;
			buildSettings = {
				PRODUCT_NAME = "$(TARGET_NAME)";
			};
			name = Release;
		};
/* End XCBuildConfiguration section */

/* Begin XCConfigurationList section */
		566CF3321C4BCA8A00C6FB90 /* Build configuration list for PBXProject "BubbleSort_studentsAndScore" */ = {
			isa = XCConfigurationList;
			buildConfigurations = (
				566CF33C1C4BCA8A00C6FB90 /* Debug */,
				566CF33D1C4BCA8A00C6FB90 /* Release */,
			);
			defaultConfigurationIsVisible = 0;
			defaultConfigurationName = Release;
		};
		566CF33E1C4BCA8A00C6FB90 /* Build configuration list for PBXNativeTarget "BubbleSort_studentsAndScore" */ = {
			isa = XCConfigurationList;
			buildConfigurations = (
				566CF33F1C4BCA8A00C6FB90 /* Debug */,
				566CF3401C4BCA8A00C6FB90 /* Release */,
			);
			defaultConfigurationIsVisible = 0;
		};
/* End XCConfigurationList section */
	};
	rootObject = 566CF32F1C4BCA8A00C6FB90 /* Project object */;
}
